// !$*UTF8*$!
{
	archiveVersion = 1;
	classes = {
	};
	objectVersion = 46;
	objects = {

/* Begin PBXBuildFile section */
		3C1070071B283B860030C3EA /* IANMulitySelectLabelView.m in Sources */ = {isa = PBXBuildFile; fileRef = 3C1070061B283B860030C3EA /* IANMulitySelectLabelView.m */; };
		3C10700B1B283C710030C3EA /* IANSingleTextandSelectLabView.m in Sources */ = {isa = PBXBuildFile; fileRef = 3C10700A1B283C710030C3EA /* IANSingleTextandSelectLabView.m */; };
		3CBC1F611B1DA5B6008CB498 /* main.m in Sources */ = {isa = PBXBuildFile; fileRef = 3CBC1F601B1DA5B6008CB498 /* main.m */; };
		3CBC1F641B1DA5B6008CB498 /* AppDelegate.m in Sources */ = {isa = PBXBuildFile; fileRef = 3CBC1F631B1DA5B6008CB498 /* AppDelegate.m */; };
		3CBC1F671B1DA5B6008CB498 /* ViewController.m in Sources */ = {isa = PBXBuildFile; fileRef = 3CBC1F661B1DA5B6008CB498 /* ViewController.m */; };
		3CBC1F6C1B1DA5B6008CB498 /* Images.xcassets in Resources */ = {isa = PBXBuildFile; fileRef = 3CBC1F6B1B1DA5B6008CB498 /* Images.xcassets */; };
		3CBC1F6F1B1DA5B6008CB498 /* LaunchScreen.xib in Resources */ = {isa = PBXBuildFile; fileRef = 3CBC1F6D1B1DA5B6008CB498 /* LaunchScreen.xib */; };
		3CBC1F7B1B1DA5B6008CB498 /* IANMulitySelectLableDemoTests.m in Sources */ = {isa = PBXBuildFile; fileRef = 3CBC1F7A1B1DA5B6008CB498 /* IANMulitySelectLableDemoTests.m */; };
		3CBC1F891B1DAF35008CB498 /* SelectOneViewController.m in Sources */ = {isa = PBXBuildFile; fileRef = 3CBC1F881B1DAF35008CB498 /* SelectOneViewController.m */; };
		3CFEF5941B28427A00B46578 /* SelectMulityViewController.m in Sources */ = {isa = PBXBuildFile; fileRef = 3CFEF5931B28427A00B46578 /* SelectMulityViewController.m */; };
		3CFEF5971B2846E300B46578 /* SelectTextandSingleViewController.m in Sources */ = {isa = PBXBuildFile; fileRef = 3CFEF5961B2846E300B46578 /* SelectTextandSingleViewController.m */; };
/* End PBXBuildFile section */

/* Begin PBXContainerItemProxy section */
		3CBC1F751B1DA5B6008CB498 /* PBXContainerItemProxy */ = {
			isa = PBXContainerItemProxy;
			containerPortal = 3CBC1F531B1DA5B6008CB498 /* Project object */;
			proxyType = 1;
			remoteGlobalIDString = 3CBC1F5A1B1DA5B6008CB498;
			remoteInfo = IANMulitySelectLableDemo;
		};
/* End PBXContainerItemProxy section */

/* Begin PBXFileReference section */
		3C1070051B283B860030C3EA /* IANMulitySelectLabelView.h */ = {isa = PBXFileReference; fileEncoding = 4; lastKnownFileType = sourcecode.c.h; path = IANMulitySelectLabelView.h; sourceTree = "<group>"; };
		3C1070061B283B860030C3EA /* IANMulitySelectLabelView.m */ = {isa = PBXFileReference; fileEncoding = 4; lastKnownFileType = sourcecode.c.objc; path = IANMulitySelectLabelView.m; sourceTree = "<group>"; };
		3C1070091B283C710030C3EA /* IANSingleTextandSelectLabView.h */ = {isa = PBXFileReference; fileEncoding = 4; lastKnownFileType = sourcecode.c.h; path = IANSingleTextandSelectLabView.h; sourceTree = "<group>"; };
		3C10700A1B283C710030C3EA /* IANSingleTextandSelectLabView.m */ = {isa = PBXFileReference; fileEncoding = 4; lastKnownFileType = sourcecode.c.objc; path = IANSingleTextandSelectLabView.m; sourceTree = "<group>"; };
		3CBC1F5B1B1DA5B6008CB498 /* IANMulitySelectLableDemo.app */ = {isa = PBXFileReference; explicitFileType = wrapper.application; includeInIndex = 0; path = IANMulitySelectLableDemo.app; sourceTree = BUILT_PRODUCTS_DIR; };
		3CBC1F5F1B1DA5B6008CB498 /* Info.plist */ = {isa = PBXFileReference; lastKnownFileType = text.plist.xml; path = Info.plist; sourceTree = "<group>"; };
		3CBC1F601B1DA5B6008CB498 /* main.m */ = {isa = PBXFileReference; lastKnownFileType = sourcecode.c.objc; path = main.m; sourceTree = "<group>"; };
		3CBC1F621B1DA5B6008CB498 /* AppDelegate.h */ = {isa = PBXFileReference; lastKnownFileType = sourcecode.c.h; path = AppDelegate.h; sourceTree = "<group>"; };
		3CBC1F631B1DA5B6008CB498 /* AppDelegate.m */ = {isa = PBXFileReference; lastKnownFileType = sourcecode.c.objc; path = AppDelegate.m; sourceTree = "<group>"; };
		3CBC1F651B1DA5B6008CB498 /* ViewController.h */ = {isa = PBXFileReference; lastKnownFileType = sourcecode.c.h; path = ViewController.h; sourceTree = "<group>"; };
		3CBC1F661B1DA5B6008CB498 /* ViewController.m */ = {isa = PBXFileReference; lastKnownFileType = sourcecode.c.objc; path = ViewController.m; sourceTree = "<group>"; };
		3CBC1F6B1B1DA5B6008CB498 /* Images.xcassets */ = {isa = PBXFileReference; lastKnownFileType = folder.assetcatalog; path = Images.xcassets; sourceTree = "<group>"; };
		3CBC1F6E1B1DA5B6008CB498 /* Base */ = {isa = PBXFileReference; lastKnownFileType = file.xib; name = Base; path = Base.lproj/LaunchScreen.xib; sourceTree = "<group>"; };
		3CBC1F741B1DA5B6008CB498 /* IANMulitySelectLableDemoTests.xctest */ = {isa = PBXFileReference; explicitFileType = wrapper.cfbundle; includeInIndex = 0; path = IANMulitySelectLableDemoTests.xctest; sourceTree = BUILT_PRODUCTS_DIR; };
		3CBC1F791B1DA5B6008CB498 /* Info.plist */ = {isa = PBXFileReference; lastKnownFileType = text.plist.xml; path = Info.plist; sourceTree = "<group>"; };
		3CBC1F7A1B1DA5B6008CB498 /* IANMulitySelectLableDemoTests.m */ = {isa = PBXFileReference; lastKnownFileType = sourcecode.c.objc; path = IANMulitySelectLableDemoTests.m; sourceTree = "<group>"; };
		3CBC1F871B1DAF35008CB498 /* SelectOneViewController.h */ = {isa = PBXFileReference; fileEncoding = 4; lastKnownFileType = sourcecode.c.h; path = SelectOneViewController.h; sourceTree = "<group>"; };
		3CBC1F881B1DAF35008CB498 /* SelectOneViewController.m */ = {isa = PBXFileReference; fileEncoding = 4; lastKnownFileType = sourcecode.c.objc; path = SelectOneViewController.m; sourceTree = "<group>"; };
		3CFEF5921B28427A00B46578 /* SelectMulityViewController.h */ = {isa = PBXFileReference; fileEncoding = 4; lastKnownFileType = sourcecode.c.h; path = SelectMulityViewController.h; sourceTree = "<group>"; };
		3CFEF5931B28427A00B46578 /* SelectMulityViewController.m */ = {isa = PBXFileReference; fileEncoding = 4; lastKnownFileType = sourcecode.c.objc; path = SelectMulityViewController.m; sourceTree = "<group>"; };
		3CFEF5951B2846E300B46578 /* SelectTextandSingleViewController.h */ = {isa = PBXFileReference; fileEncoding = 4; lastKnownFileType = sourcecode.c.h; path = SelectTextandSingleViewController.h; sourceTree = "<group>"; };
		3CFEF5961B2846E300B46578 /* SelectTextandSingleViewController.m */ = {isa = PBXFileReference; fileEncoding = 4; lastKnownFileType = sourcecode.c.objc; path = SelectTextandSingleViewController.m; sourceTree = "<group>"; };
/* End PBXFileReference section */

/* Begin PBXFrameworksBuildPhase section */
		3CBC1F581B1DA5B6008CB498 /* Frameworks */ = {
			isa = PBXFrameworksBuildPhase;
			buildActionMask = 2147483647;
			files = (
			);
			runOnlyForDeploymentPostprocessing = 0;
		};
		3CBC1F711B1DA5B6008CB498 /* Frameworks */ = {
			isa = PBXFrameworksBuildPhase;
			buildActionMask = 2147483647;
			files = (
			);
			runOnlyForDeploymentPostprocessing = 0;
		};
/* End PBXFrameworksBuildPhase section */

/* Begin PBXGroup section */
		3C1070041B283B5C0030C3EA /* IANMulitySelectLabelView */ = {
			isa = PBXGroup;
			children = (
				3C1070051B283B860030C3EA /* IANMulitySelectLabelView.h */,
				3C1070061B283B860030C3EA /* IANMulitySelectLabelView.m */,
			);
			path = IANMulitySelectLabelView;
			sourceTree = "<group>";
		};
		3C1070081B283C150030C3EA /* IANSingleTextandSelectLabView */ = {
			isa = PBXGroup;
			children = (
				3C1070091B283C710030C3EA /* IANSingleTextandSelectLabView.h */,
				3C10700A1B283C710030C3EA /* IANSingleTextandSelectLabView.m */,
			);
			path = IANSingleTextandSelectLabView;
			sourceTree = "<group>";
		};
		3CBC1F521B1DA5B6008CB498 = {
			isa = PBXGroup;
			children = (
				3CBC1F5D1B1DA5B6008CB498 /* IANMulitySelectLableDemo */,
				3CBC1F771B1DA5B6008CB498 /* IANMulitySelectLableDemoTests */,
				3CBC1F5C1B1DA5B6008CB498 /* Products */,
			);
			sourceTree = "<group>";
		};
		3CBC1F5C1B1DA5B6008CB498 /* Products */ = {
			isa = PBXGroup;
			children = (
				3CBC1F5B1B1DA5B6008CB498 /* IANMulitySelectLableDemo.app */,
				3CBC1F741B1DA5B6008CB498 /* IANMulitySelectLableDemoTests.xctest */,
			);
			name = Products;
			sourceTree = "<group>";
		};
		3CBC1F5D1B1DA5B6008CB498 /* IANMulitySelectLableDemo */ = {
			isa = PBXGroup;
			children = (
				3CBC1F621B1DA5B6008CB498 /* AppDelegate.h */,
				3CBC1F631B1DA5B6008CB498 /* AppDelegate.m */,
				3CBC1F651B1DA5B6008CB498 /* ViewController.h */,
				3CBC1F661B1DA5B6008CB498 /* ViewController.m */,
				3CBC1F871B1DAF35008CB498 /* SelectOneViewController.h */,
				3CBC1F881B1DAF35008CB498 /* SelectOneViewController.m */,
				3CFEF5921B28427A00B46578 /* SelectMulityViewController.h */,
				3CFEF5931B28427A00B46578 /* SelectMulityViewController.m */,
				3CFEF5951B2846E300B46578 /* SelectTextandSingleViewController.h */,
				3CFEF5961B2846E300B46578 /* SelectTextandSingleViewController.m */,
				3C1070081B283C150030C3EA /* IANSingleTextandSelectLabView */,
				3C1070041B283B5C0030C3EA /* IANMulitySelectLabelView */,
				3CBC1F6B1B1DA5B6008CB498 /* Images.xcassets */,
				3CBC1F6D1B1DA5B6008CB498 /* LaunchScreen.xib */,
				3CBC1F5E1B1DA5B6008CB498 /* Supporting Files */,
			);
			path = IANMulitySelectLableDemo;
			sourceTree = "<group>";
		};
		3CBC1F5E1B1DA5B6008CB498 /* Supporting Files */ = {
			isa = PBXGroup;
			children = (
				3CBC1F5F1B1DA5B6008CB498 /* Info.plist */,
				3CBC1F601B1DA5B6008CB498 /* main.m */,
			);
			name = "Supporting Files";
			sourceTree = "<group>";
		};
		3CBC1F771B1DA5B6008CB498 /* IANMulitySelectLableDemoTests */ = {
			isa = PBXGroup;
			children = (
				3CBC1F7A1B1DA5B6008CB498 /* IANMulitySelectLableDemoTests.m */,
				3CBC1F781B1DA5B6008CB498 /* Supporting Files */,
			);
			path = IANMulitySelectLableDemoTests;
			sourceTree = "<group>";
		};
		3CBC1F781B1DA5B6008CB498 /* Supporting Files */ = {
			isa = PBXGroup;
			children = (
				3CBC1F791B1DA5B6008CB498 /* Info.plist */,
			);
			name = "Supporting Files";
			sourceTree = "<group>";
		};
/* End PBXGroup section */

/* Begin PBXNativeTarget section */
		3CBC1F5A1B1DA5B6008CB498 /* IANMulitySelectLableDemo */ = {
			isa = PBXNativeTarget;
			buildConfigurationList = 3CBC1F7E1B1DA5B6008CB498 /* Build configuration list for PBXNativeTarget "IANMulitySelectLableDemo" */;
			buildPhases = (
				3CBC1F571B1DA5B6008CB498 /* Sources */,
				3CBC1F581B1DA5B6008CB498 /* Frameworks */,
				3CBC1F591B1DA5B6008CB498 /* Resources */,
			);
			buildRules = (
			);
			dependencies = (
			);
			name = IANMulitySelectLableDemo;
			productName = IANMulitySelectLableDemo;
			productReference = 3CBC1F5B1B1DA5B6008CB498 /* IANMulitySelectLableDemo.app */;
			productType = "com.apple.product-type.application";
		};
		3CBC1F731B1DA5B6008CB498 /* IANMulitySelectLableDemoTests */ = {
			isa = PBXNativeTarget;
			buildConfigurationList = 3CBC1F811B1DA5B6008CB498 /* Build configuration list for PBXNativeTarget "IANMulitySelectLableDemoTests" */;
			buildPhases = (
				3CBC1F701B1DA5B6008CB498 /* Sources */,
				3CBC1F711B1DA5B6008CB498 /* Frameworks */,
				3CBC1F721B1DA5B6008CB498 /* Resources */,
			);
			buildRules = (
			);
			dependencies = (
				3CBC1F761B1DA5B6008CB498 /* PBXTargetDependency */,
			);
			name = IANMulitySelectLableDemoTests;
			productName = IANMulitySelectLableDemoTests;
			productReference = 3CBC1F741B1DA5B6008CB498 /* IANMulitySelectLableDemoTests.xctest */;
			productType = "com.apple.product-type.bundle.unit-test";
		};
/* End PBXNativeTarget section */

/* Begin PBXProject section */
		3CBC1F531B1DA5B6008CB498 /* Project object */ = {
			isa = PBXProject;
			attributes = {
				LastUpgradeCheck = 0630;
				ORGANIZATIONNAME = ian;
				TargetAttributes = {
					3CBC1F5A1B1DA5B6008CB498 = {
						CreatedOnToolsVersion = 6.3.1;
					};
					3CBC1F731B1DA5B6008CB498 = {
						CreatedOnToolsVersion = 6.3.1;
						TestTargetID = 3CBC1F5A1B1DA5B6008CB498;
					};
				};
			};
			buildConfigurationList = 3CBC1F561B1DA5B6008CB498 /* Build configuration list for PBXProject "IANMulitySelectLableDemo" */;
			compatibilityVersion = "Xcode 3.2";
			developmentRegion = English;
			hasScannedForEncodings = 0;
			knownRegions = (
				en,
				Base,
			);
			mainGroup = 3CBC1F521B1DA5B6008CB498;
			productRefGroup = 3CBC1F5C1B1DA5B6008CB498 /* Products */;
			projectDirPath = "";
			projectRoot = "";
			targets = (
				3CBC1F5A1B1DA5B6008CB498 /* IANMulitySelectLableDemo */,
				3CBC1F731B1DA5B6008CB498 /* IANMulitySelectLableDemoTests */,
			);
		};
/* End PBXProject section */

/* Begin PBXResourcesBuildPhase section */
		3CBC1F591B1DA5B6008CB498 /* Resources */ = {
			isa = PBXResourcesBuildPhase;
			buildActionMask = 2147483647;
			files = (
				3CBC1F6F1B1DA5B6008CB498 /* LaunchScreen.xib in Resources */,
				3CBC1F6C1B1DA5B6008CB498 /* Images.xcassets in Resources */,
			);
			runOnlyForDeploymentPostprocessing = 0;
		};
		3CBC1F721B1DA5B6008CB498 /* Resources */ = {
			isa = PBXResourcesBuildPhase;
			buildActionMask = 2147483647;
			files = (
			);
			runOnlyForDeploymentPostprocessing = 0;
		};
/* End PBXResourcesBuildPhase section */

/* Begin PBXSourcesBuildPhase section */
		3CBC1F571B1DA5B6008CB498 /* Sources */ = {
			isa = PBXSourcesBuildPhase;
			buildActionMask = 2147483647;
			files = (
				3CBC1F671B1DA5B6008CB498 /* ViewController.m in Sources */,
				3CBC1F641B1DA5B6008CB498 /* AppDelegate.m in Sources */,
				3C10700B1B283C710030C3EA /* IANSingleTextandSelectLabView.m in Sources */,
				3C1070071B283B860030C3EA /* IANMulitySelectLabelView.m in Sources */,
				3CBC1F611B1DA5B6008CB498 /* main.m in Sources */,
				3CBC1F891B1DAF35008CB498 /* SelectOneViewController.m in Sources */,
				3CFEF5941B28427A00B46578 /* SelectMulityViewController.m in Sources */,
				3CFEF5971B2846E300B46578 /* SelectTextandSingleViewController.m in Sources */,
			);
			runOnlyForDeploymentPostprocessing = 0;
		};
		3CBC1F701B1DA5B6008CB498 /* Sources */ = {
			isa = PBXSourcesBuildPhase;
			buildActionMask = 2147483647;
			files = (
				3CBC1F7B1B1DA5B6008CB498 /* IANMulitySelectLableDemoTests.m in Sources */,
			);
			runOnlyForDeploymentPostprocessing = 0;
		};
/* End PBXSourcesBuildPhase section */

/* Begin PBXTargetDependency section */
		3CBC1F761B1DA5B6008CB498 /* PBXTargetDependency */ = {
			isa = PBXTargetDependency;
			target = 3CBC1F5A1B1DA5B6008CB498 /* IANMulitySelectLableDemo */;
			targetProxy = 3CBC1F751B1DA5B6008CB498 /* PBXContainerItemProxy */;
		};
/* End PBXTargetDependency section */

/* Begin PBXVariantGroup section */
		3CBC1F6D1B1DA5B6008CB498 /* LaunchScreen.xib */ = {
			isa = PBXVariantGroup;
			children = (
				3CBC1F6E1B1DA5B6008CB498 /* Base */,
			);
			name = LaunchScreen.xib;
			sourceTree = "<group>";
		};
/* End PBXVariantGroup section */

/* Begin XCBuildConfiguration section */
		3CBC1F7C1B1DA5B6008CB498 /* Debug */ = {
			isa = XCBuildConfiguration;
			buildSettings = {
				ALWAYS_SEARCH_USER_PATHS = NO;
				CLANG_CXX_LANGUAGE_STANDARD = "gnu++0x";
				CLANG_CXX_LIBRARY = "libc++";
				CLANG_ENABLE_MODULES = YES;
				CLANG_ENABLE_OBJC_ARC = YES;
				CLANG_WARN_BOOL_CONVERSION = YES;
				CLANG_WARN_CONSTANT_CONVERSION = YES;
				CLANG_WARN_DIRECT_OBJC_ISA_USAGE = YES_ERROR;
				CLANG_WARN_EMPTY_BODY = YES;
				CLANG_WARN_ENUM_CONVERSION = YES;
				CLANG_WARN_INT_CONVERSION = YES;
				CLANG_WARN_OBJC_ROOT_CLASS = YES_ERROR;
				CLANG_WARN_UNREACHABLE_CODE = YES;
				CLANG_WARN__DUPLICATE_METHOD_MATCH = YES;
				"CODE_SIGN_IDENTITY[sdk=iphoneos*]" = "iPhone Developer";
				COPY_PHASE_STRIP = NO;
				DEBUG_INFORMATION_FORMAT = "dwarf-with-dsym";
				ENABLE_STRICT_OBJC_MSGSEND = YES;
				GCC_C_LANGUAGE_STANDARD = gnu99;
				GCC_DYNAMIC_NO_PIC = NO;
				GCC_NO_COMMON_BLOCKS = YES;
				GCC_OPTIMIZATION_LEVEL = 0;
				GCC_PREPROCESSOR_DEFINITIONS = (
					"DEBUG=1",
					"$(inherited)",
				);
				GCC_SYMBOLS_PRIVATE_EXTERN = NO;
				GCC_WARN_64_TO_32_BIT_CONVERSION = YES;
				GCC_WARN_ABOUT_RETURN_TYPE = YES_ERROR;
				GCC_WARN_UNDECLARED_SELECTOR = YES;
				GCC_WARN_UNINITIALIZED_AUTOS = YES_AGGRESSIVE;
				GCC_WARN_UNUSED_FUNCTION = YES;
				GCC_WARN_UNUSED_VARIABLE = YES;
				IPHONEOS_DEPLOYMENT_TARGET = 8.3;
				MTL_ENABLE_DEBUG_INFO = YES;
				ONLY_ACTIVE_ARCH = YES;
				SDKROOT = iphoneos;
				TARGETED_DEVICE_FAMILY = "1,2";
			};
			name = Debug;
		};
		3CBC1F7D1B1DA5B6008CB498 /* Release */ = {
			isa = XCBuildConfiguration;
			buildSettings = {
				ALWAYS_SEARCH_USER_PATHS = NO;
				CLANG_CXX_LANGUAGE_STANDARD = "gnu++0x";
				CLANG_CXX_LIBRARY = "libc++";
				CLANG_ENABLE_MODULES = YES;
				CLANG_ENABLE_OBJC_ARC = YES;
				CLANG_WARN_BOOL_CONVERSION = YES;
				CLANG_WARN_CONSTANT_CONVERSION = YES;
				CLANG_WARN_DIRECT_OBJC_ISA_USAGE = YES_ERROR;
				CLANG_WARN_EMPTY_BODY = YES;
				CLANG_WARN_ENUM_CONVERSION = YES;
				CLANG_WARN_INT_CONVERSION = YES;
				CLANG_WARN_OBJC_ROOT_CLASS = YES_ERROR;
				CLANG_WARN_UNREACHABLE_CODE = YES;
				CLANG_WARN__DUPLICATE_METHOD_MATCH = YES;
				"CODE_SIGN_IDENTITY[sdk=iphoneos*]" = "iPhone Developer";
				COPY_PHASE_STRIP = NO;
				DEBUG_INFORMATION_FORMAT = "dwarf-with-dsym";
				ENABLE_NS_ASSERTIONS = NO;
				ENABLE_STRICT_OBJC_MSGSEND = YES;
				GCC_C_LANGUAGE_STANDARD = gnu99;
				GCC_NO_COMMON_BLOCKS = YES;
				GCC_WARN_64_TO_32_BIT_CONVERSION = YES;
				GCC_WARN_ABOUT_RETURN_TYPE = YES_ERROR;
				GCC_WARN_UNDECLARED_SELECTOR = YES;
				GCC_WARN_UNINITIALIZED_AUTOS = YES_AGGRESSIVE;
				GCC_WARN_UNUSED_FUNCTION = YES;
				GCC_WARN_UNUSED_VARIABLE = YES;
				IPHONEOS_DEPLOYMENT_TARGET = 8.3;
				MTL_ENABLE_DEBUG_INFO = NO;
				SDKROOT = iphoneos;
				TARGETED_DEVICE_FAMILY = "1,2";
				VALIDATE_PRODUCT = YES;
			};
			name = Release;
		};
		3CBC1F7F1B1DA5B6008CB498 /* Debug */ = {
			isa = XCBuildConfiguration;
			buildSettings = {
				ASSETCATALOG_COMPILER_APPICON_NAME = AppIcon;
				INFOPLIST_FILE = IANMulitySelectLableDemo/Info.plist;
				IPHONEOS_DEPLOYMENT_TARGET = 7.0;
				LD_RUNPATH_SEARCH_PATHS = "$(inherited) @executable_path/Frameworks";
				PRODUCT_NAME = "$(TARGET_NAME)";
			};
			name = Debug;
		};
		3CBC1F801B1DA5B6008CB498 /* Release */ = {
			isa = XCBuildConfiguration;
			buildSettings = {
				ASSETCATALOG_COMPILER_APPICON_NAME = AppIcon;
				INFOPLIST_FILE = IANMulitySelectLableDemo/Info.plist;
				IPHONEOS_DEPLOYMENT_TARGET = 7.0;
				LD_RUNPATH_SEARCH_PATHS = "$(inherited) @executable_path/Frameworks";
				PRODUCT_NAME = "$(TARGET_NAME)";
			};
			name = Release;
		};
		3CBC1F821B1DA5B6008CB498 /* Debug */ = {
			isa = XCBuildConfiguration;
			buildSettings = {
				BUNDLE_LOADER = "$(TEST_HOST)";
				FRAMEWORK_SEARCH_PATHS = (
					"$(SDKROOT)/Developer/Library/Frameworks",
					"$(inherited)",
				);
				GCC_PREPROCESSOR_DEFINITIONS = (
					"DEBUG=1",
					"$(inherited)",
				);
				INFOPLIST_FILE = IANMulitySelectLableDemoTests/Info.plist;
				LD_RUNPATH_SEARCH_PATHS = "$(inherited) @executable_path/Frameworks @loader_path/Frameworks";
				PRODUCT_NAME = "$(TARGET_NAME)";
				TEST_HOST = "$(BUILT_PRODUCTS_DIR)/IANMulitySelectLableDemo.app/IANMulitySelectLableDemo";
			};
			name = Debug;
		};
		3CBC1F831B1DA5B6008CB498 /* Release */ = {
			isa = XCBuildConfiguration;
			buildSettings = {
				BUNDLE_LOADER = "$(TEST_HOST)";
				FRAMEWORK_SEARCH_PATHS = (
					"$(SDKROOT)/Developer/Library/Frameworks",
					"$(inherited)",
				);
				INFOPLIST_FILE = IANMulitySelectLableDemoTests/Info.plist;
				LD_RUNPATH_SEARCH_PATHS = "$(inherited) @executable_path/Frameworks @loader_path/Frameworks";
				PRODUCT_NAME = "$(TARGET_NAME)";
				TEST_HOST = "$(BUILT_PRODUCTS_DIR)/IANMulitySelectLableDemo.app/IANMulitySelectLableDemo";
			};
			name = Release;
		};
/* End XCBuildConfiguration section */

/* Begin XCConfigurationList section */
		3CBC1F561B1DA5B6008CB498 /* Build configuration list for PBXProject "IANMulitySelectLableDemo" */ = {
			isa = XCConfigurationList;
			buildConfigurations = (
				3CBC1F7C1B1DA5B6008CB498 /* Debug */,
				3CBC1F7D1B1DA5B6008CB498 /* Release */,
			);
			defaultConfigurationIsVisible = 0;
			defaultConfigurationName = Release;
		};
		3CBC1F7E1B1DA5B6008CB498 /* Build configuration list for PBXNativeTarget "IANMulitySelectLableDemo" */ = {
			isa = XCConfigurationList;
			buildConfigurations = (
				3CBC1F7F1B1DA5B6008CB498 /* Debug */,
				3CBC1F801B1DA5B6008CB498 /* Release */,
			);
			defaultConfigurationIsVisible = 0;
			defaultConfigurationName = Release;
		};
		3CBC1F811B1DA5B6008CB498 /* Build configuration list for PBXNativeTarget "IANMulitySelectLableDemoTests" */ = {
			isa = XCConfigurationList;
			buildConfigurations = (
				3CBC1F821B1DA5B6008CB498 /* Debug */,
				3CBC1F831B1DA5B6008CB498 /* Release */,
			);
			defaultConfigurationIsVisible = 0;
			defaultConfigurationName = Release;
		};
/* End XCConfigurationList section */
	};
	rootObject = 3CBC1F531B1DA5B6008CB498 /* Project object */;
}
